{
  "version": 4,
  "terraform_version": "1.13.0",
  "serial": 20,
  "lineage": "c0ebd951-a10d-05c2-523b-bade8abe5751",
  "outputs": {
    "api_url": {
      "value": "https://phhqp2cyad.execute-api.us-west-1.amazonaws.com",
      "type": "string"
    },
    "cdn_domain": {
      "value": "d2ve6gb1nuejhg.cloudfront.net",
      "type": "string"
    },
    "frontend_bucket": {
      "value": "daylight-frontend-us-west-1-tolerant-bug",
      "type": "string"
    },
    "table_name": {
      "value": "daylight-prod-trips",
      "type": "string"
    }
  },
  "resources": [
    {
      "mode": "data",
      "type": "aws_cloudfront_distribution",
      "name": "cdn",
      "provider": "provider[\"registry.terraform.io/hashicorp/aws\"]",
      "instances": [
        {
          "index_key": 0,
          "schema_version": 0,
          "attributes": {
            "aliases": [],
            "anycast_ip_list_id": "",
            "arn": "arn:aws:cloudfront::532697843041:distribution/E198WHCS50MQR1",
            "domain_name": "d2ve6gb1nuejhg.cloudfront.net",
            "enabled": true,
            "etag": "E2HL43CU1SLMI8",
            "hosted_zone_id": "Z2FDTNDATAQYW2",
            "id": "E198WHCS50MQR1",
            "in_progress_validation_batches": 0,
            "last_modified_time": "2025-08-23 23:29:14.877 +0000 UTC",
            "status": "Deployed",
            "tags": {},
            "web_acl_id": ""
          },
          "sensitive_attributes": [],
          "identity_schema_version": 0
        }
      ]
    },
    {
      "mode": "managed",
      "type": "aws_apigatewayv2_api",
      "name": "api",
      "provider": "provider[\"registry.terraform.io/hashicorp/aws\"]",
      "instances": [
        {
          "schema_version": 0,
          "attributes": {
            "api_endpoint": "https://phhqp2cyad.execute-api.us-west-1.amazonaws.com",
            "api_key_selection_expression": "$request.header.x-api-key",
            "arn": "arn:aws:apigateway:us-west-1::/apis/phhqp2cyad",
            "body": null,
            "cors_configuration": [
              {
                "allow_credentials": false,
                "allow_headers": [
                  "*"
                ],
                "allow_methods": [
                  "DELETE",
                  "GET",
                  "OPTIONS",
                  "POST",
                  "PUT"
                ],
                "allow_origins": [
                  "*"
                ],
                "expose_headers": null,
                "max_age": 0
              }
            ],
            "credentials_arn": null,
            "description": "",
            "disable_execute_api_endpoint": false,
            "execution_arn": "arn:aws:execute-api:us-west-1:532697843041:phhqp2cyad",
            "fail_on_warnings": null,
            "id": "phhqp2cyad",
            "ip_address_type": "ipv4",
            "name": "daylight_api_concrete-man",
            "protocol_type": "HTTP",
            "region": "us-west-1",
            "route_key": null,
            "route_selection_expression": "$request.method $request.path",
            "tags": null,
            "tags_all": {},
            "target": null,
            "version": ""
          },
          "sensitive_attributes": [],
          "identity_schema_version": 0,
          "private": "bnVsbA==",
          "dependencies": [
            "random_pet.suffix"
          ]
        }
      ]
    },
    {
      "mode": "managed",
      "type": "aws_apigatewayv2_integration",
      "name": "plan",
      "provider": "provider[\"registry.terraform.io/hashicorp/aws\"]",
      "instances": [
        {
          "schema_version": 0,
          "attributes": {
            "api_id": "phhqp2cyad",
            "connection_id": "",
            "connection_type": "INTERNET",
            "content_handling_strategy": "",
            "credentials_arn": "",
            "description": "",
            "id": "y7our62",
            "integration_method": "POST",
            "integration_response_selection_expression": "",
            "integration_subtype": "",
            "integration_type": "AWS_PROXY",
            "integration_uri": "arn:aws:apigateway:us-west-1:lambda:path/2015-03-31/functions/arn:aws:lambda:us-west-1:532697843041:function:daylight-prod-plan/invocations",
            "passthrough_behavior": "",
            "payload_format_version": "2.0",
            "region": "us-west-1",
            "request_parameters": null,
            "request_templates": null,
            "response_parameters": [],
            "template_selection_expression": "",
            "timeout_milliseconds": 30000,
            "tls_config": []
          },
          "sensitive_attributes": [],
          "identity_schema_version": 0,
          "private": "bnVsbA==",
          "dependencies": [
            "aws_apigatewayv2_api.api",
            "aws_cloudwatch_log_group.plan",
            "aws_dynamodb_table.trips",
            "aws_iam_role.lambda_role",
            "aws_lambda_function.plan",
            "random_pet.suffix"
          ]
        }
      ]
    },
    {
      "mode": "managed",
      "type": "aws_apigatewayv2_integration",
      "name": "trips",
      "provider": "provider[\"registry.terraform.io/hashicorp/aws\"]",
      "instances": [
        {
          "schema_version": 0,
          "attributes": {
            "api_id": "phhqp2cyad",
            "connection_id": "",
            "connection_type": "INTERNET",
            "content_handling_strategy": "",
            "credentials_arn": "",
            "description": "",
            "id": "ofmrrjs",
            "integration_method": "POST",
            "integration_response_selection_expression": "",
            "integration_subtype": "",
            "integration_type": "AWS_PROXY",
            "integration_uri": "arn:aws:apigateway:us-west-1:lambda:path/2015-03-31/functions/arn:aws:lambda:us-west-1:532697843041:function:daylight-prod-trips/invocations",
            "passthrough_behavior": "",
            "payload_format_version": "2.0",
            "region": "us-west-1",
            "request_parameters": null,
            "request_templates": null,
            "response_parameters": [],
            "template_selection_expression": "",
            "timeout_milliseconds": 30000,
            "tls_config": []
          },
          "sensitive_attributes": [],
          "identity_schema_version": 0,
          "private": "bnVsbA==",
          "dependencies": [
            "aws_apigatewayv2_api.api",
            "aws_cloudwatch_log_group.trips",
            "aws_dynamodb_table.trips",
            "aws_iam_role.lambda_role",
            "aws_lambda_function.trips",
            "random_pet.suffix"
          ]
        }
      ]
    },
    {
      "mode": "managed",
      "type": "aws_apigatewayv2_route",
      "name": "plan",
      "provider": "provider[\"registry.terraform.io/hashicorp/aws\"]",
      "instances": [
        {
          "schema_version": 0,
          "attributes": {
            "api_id": "phhqp2cyad",
            "api_key_required": false,
            "authorization_scopes": null,
            "authorization_type": "NONE",
            "authorizer_id": "",
            "id": "dhrykkn",
            "model_selection_expression": "",
            "operation_name": "",
            "region": "us-west-1",
            "request_models": null,
            "request_parameter": [],
            "route_key": "POST /plan",
            "route_response_selection_expression": "",
            "target": "integrations/y7our62"
          },
          "sensitive_attributes": [],
          "identity_schema_version": 0,
          "private": "bnVsbA==",
          "dependencies": [
            "aws_apigatewayv2_api.api",
            "aws_apigatewayv2_integration.plan",
            "aws_cloudwatch_log_group.plan",
            "aws_dynamodb_table.trips",
            "aws_iam_role.lambda_role",
            "aws_lambda_function.plan",
            "random_pet.suffix"
          ]
        }
      ]
    },
    {
      "mode": "managed",
      "type": "aws_apigatewayv2_route",
      "name": "trips_id",
      "provider": "provider[\"registry.terraform.io/hashicorp/aws\"]",
      "instances": [
        {
          "schema_version": 0,
          "attributes": {
            "api_id": "phhqp2cyad",
            "api_key_required": false,
            "authorization_scopes": null,
            "authorization_type": "NONE",
            "authorizer_id": "",
            "id": "22tpip7",
            "model_selection_expression": "",
            "operation_name": "",
            "region": "us-west-1",
            "request_models": null,
            "request_parameter": [],
            "route_key": "ANY /trips/{tripId}",
            "route_response_selection_expression": "",
            "target": "integrations/ofmrrjs"
          },
          "sensitive_attributes": [],
          "identity_schema_version": 0,
          "private": "bnVsbA==",
          "dependencies": [
            "aws_apigatewayv2_api.api",
            "aws_apigatewayv2_integration.trips",
            "aws_cloudwatch_log_group.trips",
            "aws_dynamodb_table.trips",
            "aws_iam_role.lambda_role",
            "aws_lambda_function.trips",
            "random_pet.suffix"
          ]
        }
      ]
    },
    {
      "mode": "managed",
      "type": "aws_apigatewayv2_route",
      "name": "trips_post",
      "provider": "provider[\"registry.terraform.io/hashicorp/aws\"]",
      "instances": [
        {
          "schema_version": 0,
          "attributes": {
            "api_id": "phhqp2cyad",
            "api_key_required": false,
            "authorization_scopes": null,
            "authorization_type": "NONE",
            "authorizer_id": "",
            "id": "hfye3o7",
            "model_selection_expression": "",
            "operation_name": "",
            "region": "us-west-1",
            "request_models": null,
            "request_parameter": [],
            "route_key": "POST /trips",
            "route_response_selection_expression": "",
            "target": "integrations/ofmrrjs"
          },
          "sensitive_attributes": [],
          "identity_schema_version": 0,
          "private": "bnVsbA==",
          "dependencies": [
            "aws_apigatewayv2_api.api",
            "aws_apigatewayv2_integration.trips",
            "aws_cloudwatch_log_group.trips",
            "aws_dynamodb_table.trips",
            "aws_iam_role.lambda_role",
            "aws_lambda_function.trips",
            "random_pet.suffix"
          ]
        }
      ]
    },
    {
      "mode": "managed",
      "type": "aws_apigatewayv2_stage",
      "name": "default",
      "provider": "provider[\"registry.terraform.io/hashicorp/aws\"]",
      "instances": [
        {
          "schema_version": 0,
          "attributes": {
            "access_log_settings": [
              {
                "destination_arn": "arn:aws:logs:us-west-1:532697843041:log-group:/aws/apigw/daylight-prod-http",
                "format": "{\"httpMethod\":\"$context.httpMethod\",\"ip\":\"$context.identity.sourceIp\",\"path\":\"$context.path\",\"requestId\":\"$context.requestId\",\"status\":\"$context.status\",\"userAgent\":\"$context.identity.userAgent\"}"
              }
            ],
            "api_id": "phhqp2cyad",
            "arn": "arn:aws:apigateway:us-west-1::/apis/phhqp2cyad/stages/$default",
            "auto_deploy": true,
            "client_certificate_id": "",
            "default_route_settings": [
              {
                "data_trace_enabled": false,
                "detailed_metrics_enabled": false,
                "logging_level": "",
                "throttling_burst_limit": 0,
                "throttling_rate_limit": 0
              }
            ],
            "deployment_id": "",
            "description": "",
            "execution_arn": "arn:aws:execute-api:us-west-1:532697843041:phhqp2cyad/$default",
            "id": "$default",
            "invoke_url": "https://phhqp2cyad.execute-api.us-west-1.amazonaws.com/",
            "name": "$default",
            "region": "us-west-1",
            "route_settings": [],
            "stage_variables": null,
            "tags": null,
            "tags_all": {}
          },
          "sensitive_attributes": [],
          "identity_schema_version": 0,
          "private": "bnVsbA==",
          "dependencies": [
            "aws_apigatewayv2_api.api",
            "aws_cloudwatch_log_group.api",
            "random_pet.suffix"
          ]
        }
      ]
    },
    {
      "mode": "managed",
      "type": "aws_cloudwatch_log_group",
      "name": "api",
      "provider": "provider[\"registry.terraform.io/hashicorp/aws\"]",
      "instances": [
        {
          "schema_version": 0,
          "attributes": {
            "arn": "arn:aws:logs:us-west-1:532697843041:log-group:/aws/apigw/daylight-prod-http",
            "id": "/aws/apigw/daylight-prod-http",
            "kms_key_id": "",
            "log_group_class": "STANDARD",
            "name": "/aws/apigw/daylight-prod-http",
            "name_prefix": "",
            "region": "us-west-1",
            "retention_in_days": 14,
            "skip_destroy": false,
            "tags": null,
            "tags_all": {}
          },
          "sensitive_attributes": [],
          "identity_schema_version": 0,
          "identity": {
            "account_id": "532697843041",
            "name": "/aws/apigw/daylight-prod-http",
            "region": "us-west-1"
          },
          "private": "bnVsbA=="
        }
      ]
    },
    {
      "mode": "managed",
      "type": "aws_cloudwatch_log_group",
      "name": "plan",
      "provider": "provider[\"registry.terraform.io/hashicorp/aws\"]",
      "instances": [
        {
          "schema_version": 0,
          "attributes": {
            "arn": "arn:aws:logs:us-west-1:532697843041:log-group:/aws/lambda/daylight-prod-plan",
            "id": "/aws/lambda/daylight-prod-plan",
            "kms_key_id": "",
            "log_group_class": "STANDARD",
            "name": "/aws/lambda/daylight-prod-plan",
            "name_prefix": "",
            "region": "us-west-1",
            "retention_in_days": 14,
            "skip_destroy": false,
            "tags": null,
            "tags_all": {}
          },
          "sensitive_attributes": [],
          "identity_schema_version": 0,
          "identity": {
            "account_id": "532697843041",
            "name": "/aws/lambda/daylight-prod-plan",
            "region": "us-west-1"
          },
          "private": "bnVsbA=="
        }
      ]
    },
    {
      "mode": "managed",
      "type": "aws_cloudwatch_log_group",
      "name": "trips",
      "provider": "provider[\"registry.terraform.io/hashicorp/aws\"]",
      "instances": [
        {
          "schema_version": 0,
          "attributes": {
            "arn": "arn:aws:logs:us-west-1:532697843041:log-group:/aws/lambda/daylight-prod-trips",
            "id": "/aws/lambda/daylight-prod-trips",
            "kms_key_id": "",
            "log_group_class": "STANDARD",
            "name": "/aws/lambda/daylight-prod-trips",
            "name_prefix": "",
            "region": "us-west-1",
            "retention_in_days": 14,
            "skip_destroy": false,
            "tags": null,
            "tags_all": {}
          },
          "sensitive_attributes": [],
          "identity_schema_version": 0,
          "identity": {
            "account_id": "532697843041",
            "name": "/aws/lambda/daylight-prod-trips",
            "region": "us-west-1"
          },
          "private": "bnVsbA=="
        }
      ]
    },
    {
      "mode": "managed",
      "type": "aws_dynamodb_table",
      "name": "trips",
      "provider": "provider[\"registry.terraform.io/hashicorp/aws\"]",
      "instances": [
        {
          "schema_version": 1,
          "attributes": {
            "arn": "arn:aws:dynamodb:us-west-1:532697843041:table/daylight-prod-trips",
            "attribute": [
              {
                "name": "pk",
                "type": "S"
              },
              {
                "name": "sk",
                "type": "S"
              }
            ],
            "billing_mode": "PAY_PER_REQUEST",
            "deletion_protection_enabled": false,
            "global_secondary_index": [],
            "hash_key": "pk",
            "id": "daylight-prod-trips",
            "import_table": [],
            "local_secondary_index": [],
            "name": "daylight-prod-trips",
            "on_demand_throughput": [],
            "point_in_time_recovery": [
              {
                "enabled": true,
                "recovery_period_in_days": 35
              }
            ],
            "range_key": "sk",
            "read_capacity": 0,
            "region": "us-west-1",
            "replica": [],
            "restore_date_time": null,
            "restore_source_name": null,
            "restore_source_table_arn": null,
            "restore_to_latest_time": null,
            "server_side_encryption": [],
            "stream_arn": "",
            "stream_enabled": false,
            "stream_label": "",
            "stream_view_type": "",
            "table_class": "STANDARD",
            "tags": null,
            "tags_all": {},
            "timeouts": null,
            "ttl": [
              {
                "attribute_name": "",
                "enabled": false
              }
            ],
            "write_capacity": 0
          },
          "sensitive_attributes": [],
          "identity_schema_version": 0,
          "private": "eyJlMmJmYjczMC1lY2FhLTExZTYtOGY4OC0zNDM2M2JjN2M0YzAiOnsiY3JlYXRlIjoxODAwMDAwMDAwMDAwLCJkZWxldGUiOjYwMDAwMDAwMDAwMCwidXBkYXRlIjozNjAwMDAwMDAwMDAwfSwic2NoZW1hX3ZlcnNpb24iOiIxIn0="
        }
      ]
    },
    {
      "mode": "managed",
      "type": "aws_iam_policy",
      "name": "lambda_ddb_logs",
      "provider": "provider[\"registry.terraform.io/hashicorp/aws\"]",
      "instances": [
        {
          "schema_version": 0,
          "attributes": {
            "arn": "arn:aws:iam::532697843041:policy/daylight-prod-lambda-ddb-logs",
            "attachment_count": 0,
            "description": "",
            "id": "arn:aws:iam::532697843041:policy/daylight-prod-lambda-ddb-logs",
            "name": "daylight-prod-lambda-ddb-logs",
            "name_prefix": "",
            "path": "/",
            "policy": "{\"Statement\":[{\"Action\":[\"dynamodb:GetItem\",\"dynamodb:PutItem\",\"dynamodb:DeleteItem\"],\"Effect\":\"Allow\",\"Resource\":[\"arn:aws:dynamodb:us-west-1:532697843041:table/daylight-prod-trips\"]},{\"Action\":[\"logs:CreateLogGroup\",\"logs:CreateLogStream\",\"logs:PutLogEvents\"],\"Effect\":\"Allow\",\"Resource\":\"*\"}],\"Version\":\"2012-10-17\"}",
            "policy_id": "ANPAXYB2EAVQSA5AV4JZ5",
            "tags": null,
            "tags_all": {}
          },
          "sensitive_attributes": [],
          "identity_schema_version": 0,
          "identity": {
            "arn": "arn:aws:iam::532697843041:policy/daylight-prod-lambda-ddb-logs"
          },
          "private": "bnVsbA==",
          "dependencies": [
            "aws_dynamodb_table.trips"
          ]
        }
      ]
    },
    {
      "mode": "managed",
      "type": "aws_iam_role",
      "name": "lambda_role",
      "provider": "provider[\"registry.terraform.io/hashicorp/aws\"]",
      "instances": [
        {
          "schema_version": 0,
          "attributes": {
            "arn": "arn:aws:iam::532697843041:role/daylight-prod-lambda-role",
            "assume_role_policy": "{\"Statement\":[{\"Action\":\"sts:AssumeRole\",\"Effect\":\"Allow\",\"Principal\":{\"Service\":\"lambda.amazonaws.com\"}}],\"Version\":\"2012-10-17\"}",
            "create_date": "2025-08-24T03:34:20Z",
            "description": "",
            "force_detach_policies": false,
            "id": "daylight-prod-lambda-role",
            "inline_policy": [],
            "managed_policy_arns": [],
            "max_session_duration": 3600,
            "name": "daylight-prod-lambda-role",
            "name_prefix": "",
            "path": "/",
            "permissions_boundary": "",
            "tags": null,
            "tags_all": {},
            "unique_id": "AROAXYB2EAVQZF6MNNRE4"
          },
          "sensitive_attributes": [],
          "identity_schema_version": 0,
          "identity": {
            "account_id": "532697843041",
            "name": "daylight-prod-lambda-role"
          },
          "private": "bnVsbA=="
        }
      ]
    },
    {
      "mode": "managed",
      "type": "aws_iam_role_policy_attachment",
      "name": "lambda_attach",
      "provider": "provider[\"registry.terraform.io/hashicorp/aws\"]",
      "instances": [
        {
          "schema_version": 0,
          "attributes": {
            "id": "daylight-prod-lambda-role/arn:aws:iam::532697843041:policy/daylight-prod-lambda-ddb-logs",
            "policy_arn": "arn:aws:iam::532697843041:policy/daylight-prod-lambda-ddb-logs",
            "role": "daylight-prod-lambda-role"
          },
          "sensitive_attributes": [],
          "identity_schema_version": 0,
          "identity": {
            "account_id": "532697843041",
            "policy_arn": "arn:aws:iam::532697843041:policy/daylight-prod-lambda-ddb-logs",
            "role": "daylight-prod-lambda-role"
          },
          "private": "bnVsbA==",
          "dependencies": [
            "aws_dynamodb_table.trips",
            "aws_iam_policy.lambda_ddb_logs",
            "aws_iam_role.lambda_role"
          ]
        }
      ]
    },
    {
      "mode": "managed",
      "type": "aws_lambda_function",
      "name": "plan",
      "provider": "provider[\"registry.terraform.io/hashicorp/aws\"]",
      "instances": [
        {
          "schema_version": 0,
          "attributes": {
            "architectures": [
              "arm64"
            ],
            "arn": "arn:aws:lambda:us-west-1:532697843041:function:daylight-prod-plan",
            "code_sha256": "mn77c4z6Y17evLjvpAFO+UIXsWXXQQGxijXt4h4GTmk=",
            "code_signing_config_arn": "",
            "dead_letter_config": [],
            "description": "",
            "environment": [
              {
                "variables": {
                  "NODE_OPTIONS": "--enable-source-maps",
                  "TRIPS_TABLE": "daylight-prod-trips"
                }
              }
            ],
            "ephemeral_storage": [
              {
                "size": 512
              }
            ],
            "file_system_config": [],
            "filename": "../artifacts/plan.zip",
            "function_name": "daylight-prod-plan",
            "handler": "plan.handler",
            "id": "daylight-prod-plan",
            "image_config": [],
            "image_uri": "",
            "invoke_arn": "arn:aws:apigateway:us-west-1:lambda:path/2015-03-31/functions/arn:aws:lambda:us-west-1:532697843041:function:daylight-prod-plan/invocations",
            "kms_key_arn": "",
            "last_modified": "2025-08-24T03:34:28.819+0000",
            "layers": null,
            "logging_config": [
              {
                "application_log_level": "",
                "log_format": "Text",
                "log_group": "/aws/lambda/daylight-prod-plan",
                "system_log_level": ""
              }
            ],
            "memory_size": 256,
            "package_type": "Zip",
            "publish": false,
            "qualified_arn": "arn:aws:lambda:us-west-1:532697843041:function:daylight-prod-plan:$LATEST",
            "qualified_invoke_arn": "arn:aws:apigateway:us-west-1:lambda:path/2015-03-31/functions/arn:aws:lambda:us-west-1:532697843041:function:daylight-prod-plan:$LATEST/invocations",
            "region": "us-west-1",
            "replace_security_groups_on_destroy": null,
            "replacement_security_group_ids": null,
            "reserved_concurrent_executions": -1,
            "role": "arn:aws:iam::532697843041:role/daylight-prod-lambda-role",
            "runtime": "nodejs20.x",
            "s3_bucket": null,
            "s3_key": null,
            "s3_object_version": null,
            "signing_job_arn": "",
            "signing_profile_version_arn": "",
            "skip_destroy": false,
            "snap_start": [],
            "source_code_hash": "mn77c4z6Y17evLjvpAFO+UIXsWXXQQGxijXt4h4GTmk=",
            "source_code_size": 7081,
            "tags": null,
            "tags_all": {},
            "timeout": 10,
            "timeouts": null,
            "tracing_config": [
              {
                "mode": "PassThrough"
              }
            ],
            "version": "$LATEST",
            "vpc_config": []
          },
          "sensitive_attributes": [],
          "identity_schema_version": 0,
          "identity": {
            "account_id": "532697843041",
            "function_name": "daylight-prod-plan",
            "region": "us-west-1"
          },
          "private": "eyJlMmJmYjczMC1lY2FhLTExZTYtOGY4OC0zNDM2M2JjN2M0YzAiOnsiY3JlYXRlIjo2MDAwMDAwMDAwMDAsImRlbGV0ZSI6NjAwMDAwMDAwMDAwLCJ1cGRhdGUiOjYwMDAwMDAwMDAwMH19",
          "dependencies": [
            "aws_cloudwatch_log_group.plan",
            "aws_dynamodb_table.trips",
            "aws_iam_role.lambda_role"
          ]
        }
      ]
    },
    {
      "mode": "managed",
      "type": "aws_lambda_function",
      "name": "trips",
      "provider": "provider[\"registry.terraform.io/hashicorp/aws\"]",
      "instances": [
        {
          "schema_version": 0,
          "attributes": {
            "architectures": [
              "arm64"
            ],
            "arn": "arn:aws:lambda:us-west-1:532697843041:function:daylight-prod-trips",
            "code_sha256": "mn77c4z6Y17evLjvpAFO+UIXsWXXQQGxijXt4h4GTmk=",
            "code_signing_config_arn": "",
            "dead_letter_config": [],
            "description": "",
            "environment": [
              {
                "variables": {
                  "NODE_OPTIONS": "--enable-source-maps",
                  "TRIPS_TABLE": "daylight-prod-trips"
                }
              }
            ],
            "ephemeral_storage": [
              {
                "size": 512
              }
            ],
            "file_system_config": [],
            "filename": "../artifacts/trips.zip",
            "function_name": "daylight-prod-trips",
            "handler": "trips.handler",
            "id": "daylight-prod-trips",
            "image_config": [],
            "image_uri": "",
            "invoke_arn": "arn:aws:apigateway:us-west-1:lambda:path/2015-03-31/functions/arn:aws:lambda:us-west-1:532697843041:function:daylight-prod-trips/invocations",
            "kms_key_arn": "",
            "last_modified": "2025-08-24T03:34:34.598+0000",
            "layers": null,
            "logging_config": [
              {
                "application_log_level": "",
                "log_format": "Text",
                "log_group": "/aws/lambda/daylight-prod-trips",
                "system_log_level": ""
              }
            ],
            "memory_size": 256,
            "package_type": "Zip",
            "publish": false,
            "qualified_arn": "arn:aws:lambda:us-west-1:532697843041:function:daylight-prod-trips:$LATEST",
            "qualified_invoke_arn": "arn:aws:apigateway:us-west-1:lambda:path/2015-03-31/functions/arn:aws:lambda:us-west-1:532697843041:function:daylight-prod-trips:$LATEST/invocations",
            "region": "us-west-1",
            "replace_security_groups_on_destroy": null,
            "replacement_security_group_ids": null,
            "reserved_concurrent_executions": -1,
            "role": "arn:aws:iam::532697843041:role/daylight-prod-lambda-role",
            "runtime": "nodejs20.x",
            "s3_bucket": null,
            "s3_key": null,
            "s3_object_version": null,
            "signing_job_arn": "",
            "signing_profile_version_arn": "",
            "skip_destroy": false,
            "snap_start": [],
            "source_code_hash": "mn77c4z6Y17evLjvpAFO+UIXsWXXQQGxijXt4h4GTmk=",
            "source_code_size": 7081,
            "tags": null,
            "tags_all": {},
            "timeout": 10,
            "timeouts": null,
            "tracing_config": [
              {
                "mode": "PassThrough"
              }
            ],
            "version": "$LATEST",
            "vpc_config": []
          },
          "sensitive_attributes": [],
          "identity_schema_version": 0,
          "identity": {
            "account_id": "532697843041",
            "function_name": "daylight-prod-trips",
            "region": "us-west-1"
          },
          "private": "eyJlMmJmYjczMC1lY2FhLTExZTYtOGY4OC0zNDM2M2JjN2M0YzAiOnsiY3JlYXRlIjo2MDAwMDAwMDAwMDAsImRlbGV0ZSI6NjAwMDAwMDAwMDAwLCJ1cGRhdGUiOjYwMDAwMDAwMDAwMH19",
          "dependencies": [
            "aws_cloudwatch_log_group.trips",
            "aws_dynamodb_table.trips",
            "aws_iam_role.lambda_role"
          ]
        }
      ]
    },
    {
      "mode": "managed",
      "type": "aws_lambda_permission",
      "name": "apigw_plan",
      "provider": "provider[\"registry.terraform.io/hashicorp/aws\"]",
      "instances": [
        {
          "schema_version": 0,
          "attributes": {
            "action": "lambda:InvokeFunction",
            "event_source_token": null,
            "function_name": "daylight-prod-plan",
            "function_url_auth_type": null,
            "id": "AllowAPIGwInvokePlan",
            "principal": "apigateway.amazonaws.com",
            "principal_org_id": null,
            "qualifier": "",
            "region": "us-west-1",
            "source_account": null,
            "source_arn": "arn:aws:execute-api:us-west-1:532697843041:phhqp2cyad/*/*",
            "statement_id": "AllowAPIGwInvokePlan",
            "statement_id_prefix": ""
          },
          "sensitive_attributes": [],
          "identity_schema_version": 0,
          "identity": {
            "account_id": "532697843041",
            "function_name": "daylight-prod-plan",
            "qualifier": null,
            "region": "us-west-1",
            "statement_id": "AllowAPIGwInvokePlan"
          },
          "private": "bnVsbA==",
          "dependencies": [
            "aws_apigatewayv2_api.api",
            "aws_cloudwatch_log_group.plan",
            "aws_dynamodb_table.trips",
            "aws_iam_role.lambda_role",
            "aws_lambda_function.plan",
            "random_pet.suffix"
          ]
        }
      ]
    },
    {
      "mode": "managed",
      "type": "aws_lambda_permission",
      "name": "apigw_trips",
      "provider": "provider[\"registry.terraform.io/hashicorp/aws\"]",
      "instances": [
        {
          "schema_version": 0,
          "attributes": {
            "action": "lambda:InvokeFunction",
            "event_source_token": null,
            "function_name": "daylight-prod-trips",
            "function_url_auth_type": null,
            "id": "AllowAPIGwInvokeTrips",
            "principal": "apigateway.amazonaws.com",
            "principal_org_id": null,
            "qualifier": "",
            "region": "us-west-1",
            "source_account": null,
            "source_arn": "arn:aws:execute-api:us-west-1:532697843041:phhqp2cyad/*/*",
            "statement_id": "AllowAPIGwInvokeTrips",
            "statement_id_prefix": ""
          },
          "sensitive_attributes": [],
          "identity_schema_version": 0,
          "identity": {
            "account_id": "532697843041",
            "function_name": "daylight-prod-trips",
            "qualifier": null,
            "region": "us-west-1",
            "statement_id": "AllowAPIGwInvokeTrips"
          },
          "private": "bnVsbA==",
          "dependencies": [
            "aws_apigatewayv2_api.api",
            "aws_cloudwatch_log_group.trips",
            "aws_dynamodb_table.trips",
            "aws_iam_role.lambda_role",
            "aws_lambda_function.trips",
            "random_pet.suffix"
          ]
        }
      ]
    },
    {
      "mode": "managed",
      "type": "random_pet",
      "name": "suffix",
      "provider": "provider[\"registry.terraform.io/hashicorp/random\"]",
      "instances": [
        {
          "schema_version": 0,
          "attributes": {
            "id": "concrete-man",
            "keepers": {
              "stage": "prod"
            },
            "length": 2,
            "prefix": null,
            "separator": "-"
          },
          "sensitive_attributes": [],
          "identity_schema_version": 0
        }
      ]
    }
  ],
  "check_results": null
}
